PODS:
  - audio_streamer (0.0.1):
    - Flutter
  - dchs_flutter_beacon (0.6.5):
    - Flutter
  - Flutter (1.0.0)
  - flutter_activity_recognition (0.0.1):
    - Flutter
  - flutter_secure_storage (6.0.0):
    - Flutter
  - flutter_sound (9.30.0):
    - Flutter
    - flutter_sound_core (= 9.30.0)
  - flutter_sound_core (9.30.0)
  - flutter_web_auth_2 (3.0.0):
    - Flutter
  - health (12.2.1):
    - Flutter
  - location (0.0.1):
    - Flutter
  - mdsflutter (0.0.1):
    - Flutter
    - Movesense
    - SwiftProtobuf
  - Movesense (3.33.1)
  - oidc_ios (0.0.1):
    - Flutter
  - open_settings_plus (0.0.1):
    - Flutter
  - permission_handler_apple (9.3.0):
    - Flutter
  - polar (0.0.1):
    - Flutter
    - PolarBleSdk (~> 6.1.0)
  - PolarBleSdk (6.1.0):
    - RxSwift (~> 6.8.0)
    - SwiftProtobuf (~> 1.0)
    - Zip (~> 2.1.2)
  - RxSwift (6.8.0)
  - screen_state (1.0.0):
    - Flutter
  - SwiftProtobuf (1.33.3)
  - Zip (2.1.2)

DEPENDENCIES:
  - audio_streamer (from `.symlinks/plugins/audio_streamer/ios`)
  - dchs_flutter_beacon (from `.symlinks/plugins/dchs_flutter_beacon/ios`)
  - Flutter (from `Flutter`)
  - flutter_activity_recognition (from `.symlinks/plugins/flutter_activity_recognition/ios`)
  - flutter_secure_storage (from `.symlinks/plugins/flutter_secure_storage/ios`)
  - flutter_sound (from `.symlinks/plugins/flutter_sound/ios`)
  - flutter_web_auth_2 (from `.symlinks/plugins/flutter_web_auth_2/ios`)
  - health (from `.symlinks/plugins/health/ios`)
  - location (from `.symlinks/plugins/location/ios`)
  - mdsflutter (from `.symlinks/plugins/mdsflutter/ios`)
  - Movesense (from `https://bitbucket.org/movesense/movesense-mobile-lib/`)
  - oidc_ios (from `.symlinks/plugins/oidc_ios/ios`)
  - open_settings_plus (from `.symlinks/plugins/open_settings_plus/ios`)
  - permission_handler_apple (from `.symlinks/plugins/permission_handler_apple/ios`)
  - polar (from `.symlinks/plugins/polar/ios`)
  - screen_state (from `.symlinks/plugins/screen_state/ios`)

SPEC REPOS:
  trunk:
    - flutter_sound_core
    - PolarBleSdk
    - RxSwift
    - SwiftProtobuf
    - Zip

EXTERNAL SOURCES:
  audio_streamer:
    :path: ".symlinks/plugins/audio_streamer/ios"
  dchs_flutter_beacon:
    :path: ".symlinks/plugins/dchs_flutter_beacon/ios"
  Flutter:
    :path: Flutter
  flutter_activity_recognition:
    :path: ".symlinks/plugins/flutter_activity_recognition/ios"
  flutter_secure_storage:
    :path: ".symlinks/plugins/flutter_secure_storage/ios"
  flutter_sound:
    :path: ".symlinks/plugins/flutter_sound/ios"
  flutter_web_auth_2:
    :path: ".symlinks/plugins/flutter_web_auth_2/ios"
  health:
    :path: ".symlinks/plugins/health/ios"
  location:
    :path: ".symlinks/plugins/location/ios"
  mdsflutter:
    :path: ".symlinks/plugins/mdsflutter/ios"
  Movesense:
    :git: https://bitbucket.org/movesense/movesense-mobile-lib/
  oidc_ios:
    :path: ".symlinks/plugins/oidc_ios/ios"
  open_settings_plus:
    :path: ".symlinks/plugins/open_settings_plus/ios"
  permission_handler_apple:
    :path: ".symlinks/plugins/permission_handler_apple/ios"
  polar:
    :path: ".symlinks/plugins/polar/ios"
  screen_state:
    :path: ".symlinks/plugins/screen_state/ios"

CHECKOUT OPTIONS:
  Movesense:
    :commit: 580c812f2696ff05ed2c1c1e93053c137ef7942a
    :git: https://bitbucket.org/movesense/movesense-mobile-lib/

SPEC CHECKSUMS:
  audio_streamer: 2e472b9f81cec5e381c4cf7667afa3055dcb45a4
  dchs_flutter_beacon: 88d72cc467de508d621e454ea66c6231d0897d4c
  Flutter: cabc95a1d2626b1b06e7179b784ebcf0c0cde467
  flutter_activity_recognition: 52dfad4c1e9cec99f0841b3ed0efcc9d424b3deb
  flutter_secure_storage: 1ed9476fba7e7a782b22888f956cce43e2c62f13
  flutter_sound: d95194f6476c9ad211d22b3a414d852c12c7ca44
  flutter_sound_core: 7f2626d249d3a57bfa6da892ef7e22d234482c1a
  flutter_web_auth_2: 5c8d9dcd7848b5a9efb086d24e7a9adcae979c80
  health: fe206e65f13a9b88623605fbd8af8f029e23dc35
  location: 155caecf9da4f280ab5fe4a55f94ceccfab838f8
  mdsflutter: bd3c0b3335d50947d1a192cf70f930e0fb04a766
  Movesense: dc64047c1feb856b7f7ac6ea2c67685350d99dd5
  oidc_ios: 16966cad509ce6850ca4ca1216c5138bef2a8726
  open_settings_plus: d19f91e8a04649358a51c19b484ce2e637149d70
  permission_handler_apple: 4ed2196e43d0651e8ff7ca3483a069d469701f2d
  polar: 0374f6063ade7e2dd85d626f87cbe2393d3eda7c
  PolarBleSdk: bfb57cf8350f0c53d441b8632ba6df363ce7c79f
  RxSwift: 4e28be97cbcfeee614af26d83415febbf2bf6f45
  screen_state: 52d6e997d31bddba6417c60d9cdd22effd0320a7
  SwiftProtobuf: e1b437c8e31a4c5577b643249a0bb62ed4f02153
  Zip: b3fef584b147b6e582b2256a9815c897d60ddc67

PODFILE CHECKSUM: 45842edf150243fea66883d4dfad1e5ddb428147

COCOAPODS: 1.16.2
